
Microsoft Visual Studio Solution File, Format Version 11.00
# Visual Studio 2010
Project("{FAE04EC0-301F-11D3-BF4B-00C04F79EFBC}") = "QuanLyQuanAn", "QuanLyQuanAn\QuanLyQuanAn.csproj", "{F4727156-84AA-4757-BB37-00C351390232}"
EndProject
Global
	GlobalSection(SolutionConfigurationPlatforms) = preSolution
		Debug|x86 = Debug|x86
		Release|x86 = Release|x86
	EndGlobalSection
	GlobalSection(ProjectConfigurationPlatforms) = postSolution
		{F4727156-84AA-4757-BB37-00C351390232}.Debug|x86.ActiveCfg = Debug|x86
		{F4727156-84AA-4757-BB37-00C351390232}.Debug|x86.Build.0 = Debug|x86
		{F4727156-84AA-4757-BB37-00C351390232}.Release|x86.ActiveCfg = Release|x86
		{F4727156-84AA-4757-BB37-00C351390232}.Release|x86.Build.0 = Release|x86
	EndGlobalSection
	GlobalSection(SolutionProperties) = preSolution
		HideSolutionNode = FALSE
	EndGlobalSection
EndGlobal
